
Microsoft Visual Studio Solution File, Format Version 12.00
# Visual Studio Version 17
VisualStudioVersion = 17.0.31903.59
MinimumVisualStudioVersion = 10.0.40219.1
Project("{2150E333-8FDC-42A3-9474-1A3956D46DE8}") = "src", "src", "{827E0CD3-B72D-47B6-A68D-7590B98EB39B}"
EndProject
Project("{FAE04EC0-301F-11D3-BF4B-00C04F79EFBC}") = "Core.Sim", "src\Core.Sim\Core.Sim.csproj", "{CAB6539C-55FD-4937-9338-CDF265DC29D0}"
EndProject
Project("{FAE04EC0-301F-11D3-BF4B-00C04F79EFBC}") = "Core.Rollback", "src\Core.Rollback\Core.Rollback.csproj", "{426E8C10-DE2E-4E6F-B03E-47088E2B1237}"
EndProject
Project("{FAE04EC0-301F-11D3-BF4B-00C04F79EFBC}") = "Core.Replay", "src\Core.Replay\Core.Replay.csproj", "{4A09BE53-27B4-4236-8382-CB33918FE5C8}"
EndProject
Project("{2150E333-8FDC-42A3-9474-1A3956D46DE8}") = "tests", "tests", "{0AB3BF05-4346-4AA6-1389-037BE0695223}"
EndProject
Project("{FAE04EC0-301F-11D3-BF4B-00C04F79EFBC}") = "Core.Sim.Tests", "tests\Core.Sim.Tests\Core.Sim.Tests.csproj", "{AE97E195-D891-4BF4-9C87-F4ED1A129612}"
EndProject
Project("{FAE04EC0-301F-11D3-BF4B-00C04F79EFBC}") = "Core.Rollback.Tests", "tests\Core.Rollback.Tests\Core.Rollback.Tests.csproj", "{2C61E505-1405-449A-8EEE-C7A78C90B665}"
EndProject
Project("{FAE04EC0-301F-11D3-BF4B-00C04F79EFBC}") = "Core.Replay.Tests", "tests\Core.Replay.Tests\Core.Replay.Tests.csproj", "{A59DE00E-5F30-4D3C-8A41-99510F133B10}"
EndProject
Project("{FAE04EC0-301F-11D3-BF4B-00C04F79EFBC}") = "Core.Net", "src\Core.Net\Core.Net.csproj", "{2B0EA94A-0645-4707-A8BF-477A5805FAF7}"
EndProject
Project("{FAE04EC0-301F-11D3-BF4B-00C04F79EFBC}") = "Core.Net.Tests", "tests\Core.Net.Tests\Core.Net.Tests.csproj", "{4DF057BE-06BD-4780-9F58-AA5F79DE5229}"
EndProject
Global
	GlobalSection(SolutionConfigurationPlatforms) = preSolution
		Debug|Any CPU = Debug|Any CPU
		Debug|x64 = Debug|x64
		Debug|x86 = Debug|x86
		Release|Any CPU = Release|Any CPU
		Release|x64 = Release|x64
		Release|x86 = Release|x86
	EndGlobalSection
	GlobalSection(ProjectConfigurationPlatforms) = postSolution
		{CAB6539C-55FD-4937-9338-CDF265DC29D0}.Debug|Any CPU.ActiveCfg = Debug|Any CPU
		{CAB6539C-55FD-4937-9338-CDF265DC29D0}.Debug|Any CPU.Build.0 = Debug|Any CPU
		{CAB6539C-55FD-4937-9338-CDF265DC29D0}.Debug|x64.ActiveCfg = Debug|Any CPU
		{CAB6539C-55FD-4937-9338-CDF265DC29D0}.Debug|x64.Build.0 = Debug|Any CPU
		{CAB6539C-55FD-4937-9338-CDF265DC29D0}.Debug|x86.ActiveCfg = Debug|Any CPU
		{CAB6539C-55FD-4937-9338-CDF265DC29D0}.Debug|x86.Build.0 = Debug|Any CPU
		{CAB6539C-55FD-4937-9338-CDF265DC29D0}.Release|Any CPU.ActiveCfg = Release|Any CPU
		{CAB6539C-55FD-4937-9338-CDF265DC29D0}.Release|Any CPU.Build.0 = Release|Any CPU
		{CAB6539C-55FD-4937-9338-CDF265DC29D0}.Release|x64.ActiveCfg = Release|Any CPU
		{CAB6539C-55FD-4937-9338-CDF265DC29D0}.Release|x64.Build.0 = Release|Any CPU
		{CAB6539C-55FD-4937-9338-CDF265DC29D0}.Release|x86.ActiveCfg = Release|Any CPU
		{CAB6539C-55FD-4937-9338-CDF265DC29D0}.Release|x86.Build.0 = Release|Any CPU
		{426E8C10-DE2E-4E6F-B03E-47088E2B1237}.Debug|Any CPU.ActiveCfg = Debug|Any CPU
		{426E8C10-DE2E-4E6F-B03E-47088E2B1237}.Debug|Any CPU.Build.0 = Debug|Any CPU
		{426E8C10-DE2E-4E6F-B03E-47088E2B1237}.Debug|x64.ActiveCfg = Debug|Any CPU
		{426E8C10-DE2E-4E6F-B03E-47088E2B1237}.Debug|x64.Build.0 = Debug|Any CPU
		{426E8C10-DE2E-4E6F-B03E-47088E2B1237}.Debug|x86.ActiveCfg = Debug|Any CPU
		{426E8C10-DE2E-4E6F-B03E-47088E2B1237}.Debug|x86.Build.0 = Debug|Any CPU
		{426E8C10-DE2E-4E6F-B03E-47088E2B1237}.Release|Any CPU.ActiveCfg = Release|Any CPU
		{426E8C10-DE2E-4E6F-B03E-47088E2B1237}.Release|Any CPU.Build.0 = Release|Any CPU
		{426E8C10-DE2E-4E6F-B03E-47088E2B1237}.Release|x64.ActiveCfg = Release|Any CPU
		{426E8C10-DE2E-4E6F-B03E-47088E2B1237}.Release|x64.Build.0 = Release|Any CPU
		{426E8C10-DE2E-4E6F-B03E-47088E2B1237}.Release|x86.ActiveCfg = Release|Any CPU
		{426E8C10-DE2E-4E6F-B03E-47088E2B1237}.Release|x86.Build.0 = Release|Any CPU
		{4A09BE53-27B4-4236-8382-CB33918FE5C8}.Debug|Any CPU.ActiveCfg = Debug|Any CPU
		{4A09BE53-27B4-4236-8382-CB33918FE5C8}.Debug|Any CPU.Build.0 = Debug|Any CPU
		{4A09BE53-27B4-4236-8382-CB33918FE5C8}.Debug|x64.ActiveCfg = Debug|Any CPU
		{4A09BE53-27B4-4236-8382-CB33918FE5C8}.Debug|x64.Build.0 = Debug|Any CPU
		{4A09BE53-27B4-4236-8382-CB33918FE5C8}.Debug|x86.ActiveCfg = Debug|Any CPU
		{4A09BE53-27B4-4236-8382-CB33918FE5C8}.Debug|x86.Build.0 = Debug|Any CPU
		{4A09BE53-27B4-4236-8382-CB33918FE5C8}.Release|Any CPU.ActiveCfg = Release|Any CPU
		{4A09BE53-27B4-4236-8382-CB33918FE5C8}.Release|Any CPU.Build.0 = Release|Any CPU
		{4A09BE53-27B4-4236-8382-CB33918FE5C8}.Release|x64.ActiveCfg = Release|Any CPU
		{4A09BE53-27B4-4236-8382-CB33918FE5C8}.Release|x64.Build.0 = Release|Any CPU
		{4A09BE53-27B4-4236-8382-CB33918FE5C8}.Release|x86.ActiveCfg = Release|Any CPU
		{4A09BE53-27B4-4236-8382-CB33918FE5C8}.Release|x86.Build.0 = Release|Any CPU
		{AE97E195-D891-4BF4-9C87-F4ED1A129612}.Debug|Any CPU.ActiveCfg = Debug|Any CPU
		{AE97E195-D891-4BF4-9C87-F4ED1A129612}.Debug|Any CPU.Build.0 = Debug|Any CPU
		{AE97E195-D891-4BF4-9C87-F4ED1A129612}.Debug|x64.ActiveCfg = Debug|Any CPU
		{AE97E195-D891-4BF4-9C87-F4ED1A129612}.Debug|x64.Build.0 = Debug|Any CPU
		{AE97E195-D891-4BF4-9C87-F4ED1A129612}.Debug|x86.ActiveCfg = Debug|Any CPU
		{AE97E195-D891-4BF4-9C87-F4ED1A129612}.Debug|x86.Build.0 = Debug|Any CPU
		{AE97E195-D891-4BF4-9C87-F4ED1A129612}.Release|Any CPU.ActiveCfg = Release|Any CPU
		{AE97E195-D891-4BF4-9C87-F4ED1A129612}.Release|Any CPU.Build.0 = Release|Any CPU
		{AE97E195-D891-4BF4-9C87-F4ED1A129612}.Release|x64.ActiveCfg = Release|Any CPU
		{AE97E195-D891-4BF4-9C87-F4ED1A129612}.Release|x64.Build.0 = Release|Any CPU
		{AE97E195-D891-4BF4-9C87-F4ED1A129612}.Release|x86.ActiveCfg = Release|Any CPU
		{AE97E195-D891-4BF4-9C87-F4ED1A129612}.Release|x86.Build.0 = Release|Any CPU
		{2C61E505-1405-449A-8EEE-C7A78C90B665}.Debug|Any CPU.ActiveCfg = Debug|Any CPU
		{2C61E505-1405-449A-8EEE-C7A78C90B665}.Debug|Any CPU.Build.0 = Debug|Any CPU
		{2C61E505-1405-449A-8EEE-C7A78C90B665}.Debug|x64.ActiveCfg = Debug|Any CPU
		{2C61E505-1405-449A-8EEE-C7A78C90B665}.Debug|x64.Build.0 = Debug|Any CPU
		{2C61E505-1405-449A-8EEE-C7A78C90B665}.Debug|x86.ActiveCfg = Debug|Any CPU
		{2C61E505-1405-449A-8EEE-C7A78C90B665}.Debug|x86.Build.0 = Debug|Any CPU
		{2C61E505-1405-449A-8EEE-C7A78C90B665}.Release|Any CPU.ActiveCfg = Release|Any CPU
		{2C61E505-1405-449A-8EEE-C7A78C90B665}.Release|Any CPU.Build.0 = Release|Any CPU
		{2C61E505-1405-449A-8EEE-C7A78C90B665}.Release|x64.ActiveCfg = Release|Any CPU
		{2C61E505-1405-449A-8EEE-C7A78C90B665}.Release|x64.Build.0 = Release|Any CPU
		{2C61E505-1405-449A-8EEE-C7A78C90B665}.Release|x86.ActiveCfg = Release|Any CPU
		{2C61E505-1405-449A-8EEE-C7A78C90B665}.Release|x86.Build.0 = Release|Any CPU
		{A59DE00E-5F30-4D3C-8A41-99510F133B10}.Debug|Any CPU.ActiveCfg = Debug|Any CPU
		{A59DE00E-5F30-4D3C-8A41-99510F133B10}.Debug|Any CPU.Build.0 = Debug|Any CPU
		{A59DE00E-5F30-4D3C-8A41-99510F133B10}.Debug|x64.ActiveCfg = Debug|Any CPU
		{A59DE00E-5F30-4D3C-8A41-99510F133B10}.Debug|x64.Build.0 = Debug|Any CPU
		{A59DE00E-5F30-4D3C-8A41-99510F133B10}.Debug|x86.ActiveCfg = Debug|Any CPU
		{A59DE00E-5F30-4D3C-8A41-99510F133B10}.Debug|x86.Build.0 = Debug|Any CPU
		{A59DE00E-5F30-4D3C-8A41-99510F133B10}.Release|Any CPU.ActiveCfg = Release|Any CPU
		{A59DE00E-5F30-4D3C-8A41-99510F133B10}.Release|Any CPU.Build.0 = Release|Any CPU
		{A59DE00E-5F30-4D3C-8A41-99510F133B10}.Release|x64.ActiveCfg = Release|Any CPU
		{A59DE00E-5F30-4D3C-8A41-99510F133B10}.Release|x64.Build.0 = Release|Any CPU
		{A59DE00E-5F30-4D3C-8A41-99510F133B10}.Release|x86.ActiveCfg = Release|Any CPU
		{A59DE00E-5F30-4D3C-8A41-99510F133B10}.Release|x86.Build.0 = Release|Any CPU
		{2B0EA94A-0645-4707-A8BF-477A5805FAF7}.Debug|Any CPU.ActiveCfg = Debug|Any CPU
		{2B0EA94A-0645-4707-A8BF-477A5805FAF7}.Debug|Any CPU.Build.0 = Debug|Any CPU
		{2B0EA94A-0645-4707-A8BF-477A5805FAF7}.Debug|x64.ActiveCfg = Debug|Any CPU
		{2B0EA94A-0645-4707-A8BF-477A5805FAF7}.Debug|x64.Build.0 = Debug|Any CPU
		{2B0EA94A-0645-4707-A8BF-477A5805FAF7}.Debug|x86.ActiveCfg = Debug|Any CPU
		{2B0EA94A-0645-4707-A8BF-477A5805FAF7}.Debug|x86.Build.0 = Debug|Any CPU
		{2B0EA94A-0645-4707-A8BF-477A5805FAF7}.Release|Any CPU.ActiveCfg = Release|Any CPU
		{2B0EA94A-0645-4707-A8BF-477A5805FAF7}.Release|Any CPU.Build.0 = Release|Any CPU
		{2B0EA94A-0645-4707-A8BF-477A5805FAF7}.Release|x64.ActiveCfg = Release|Any CPU
		{2B0EA94A-0645-4707-A8BF-477A5805FAF7}.Release|x64.Build.0 = Release|Any CPU
		{2B0EA94A-0645-4707-A8BF-477A5805FAF7}.Release|x86.ActiveCfg = Release|Any CPU
		{2B0EA94A-0645-4707-A8BF-477A5805FAF7}.Release|x86.Build.0 = Release|Any CPU
		{4DF057BE-06BD-4780-9F58-AA5F79DE5229}.Debug|Any CPU.ActiveCfg = Debug|Any CPU
		{4DF057BE-06BD-4780-9F58-AA5F79DE5229}.Debug|Any CPU.Build.0 = Debug|Any CPU
		{4DF057BE-06BD-4780-9F58-AA5F79DE5229}.Debug|x64.ActiveCfg = Debug|Any CPU
		{4DF057BE-06BD-4780-9F58-AA5F79DE5229}.Debug|x64.Build.0 = Debug|Any CPU
		{4DF057BE-06BD-4780-9F58-AA5F79DE5229}.Debug|x86.ActiveCfg = Debug|Any CPU
		{4DF057BE-06BD-4780-9F58-AA5F79DE5229}.Debug|x86.Build.0 = Debug|Any CPU
		{4DF057BE-06BD-4780-9F58-AA5F79DE5229}.Release|Any CPU.ActiveCfg = Release|Any CPU
		{4DF057BE-06BD-4780-9F58-AA5F79DE5229}.Release|Any CPU.Build.0 = Release|Any CPU
		{4DF057BE-06BD-4780-9F58-AA5F79DE5229}.Release|x64.ActiveCfg = Release|Any CPU
		{4DF057BE-06BD-4780-9F58-AA5F79DE5229}.Release|x64.Build.0 = Release|Any CPU
		{4DF057BE-06BD-4780-9F58-AA5F79DE5229}.Release|x86.ActiveCfg = Release|Any CPU
		{4DF057BE-06BD-4780-9F58-AA5F79DE5229}.Release|x86.Build.0 = Release|Any CPU
	EndGlobalSection
	GlobalSection(SolutionProperties) = preSolution
		HideSolutionNode = FALSE
	EndGlobalSection
	GlobalSection(NestedProjects) = preSolution
		{CAB6539C-55FD-4937-9338-CDF265DC29D0} = {827E0CD3-B72D-47B6-A68D-7590B98EB39B}
		{426E8C10-DE2E-4E6F-B03E-47088E2B1237} = {827E0CD3-B72D-47B6-A68D-7590B98EB39B}
		{4A09BE53-27B4-4236-8382-CB33918FE5C8} = {827E0CD3-B72D-47B6-A68D-7590B98EB39B}
		{AE97E195-D891-4BF4-9C87-F4ED1A129612} = {0AB3BF05-4346-4AA6-1389-037BE0695223}
		{2C61E505-1405-449A-8EEE-C7A78C90B665} = {0AB3BF05-4346-4AA6-1389-037BE0695223}
		{A59DE00E-5F30-4D3C-8A41-99510F133B10} = {0AB3BF05-4346-4AA6-1389-037BE0695223}
		{2B0EA94A-0645-4707-A8BF-477A5805FAF7} = {827E0CD3-B72D-47B6-A68D-7590B98EB39B}
		{4DF057BE-06BD-4780-9F58-AA5F79DE5229} = {0AB3BF05-4346-4AA6-1389-037BE0695223}
	EndGlobalSection
EndGlobal
